// !$*UTF8*$!
{
	archiveVersion = 1;
	classes = {
	};
	objectVersion = 46;
	objects = {

/* Begin PBXBuildFile section */
		E820EFA81C8C1FAF000EC965 /* SuperListViewController.swift in Sources */ = {isa = PBXBuildFile; fileRef = E820EFA71C8C1FAF000EC965 /* SuperListViewController.swift */; };
		E820EFAA1C8C4290000EC965 /* SVDType.swift in Sources */ = {isa = PBXBuildFile; fileRef = E820EFA91C8C4290000EC965 /* SVDType.swift */; };
		E82402441A3D61EA00FA4F09 /* RegistrationsListViewController.swift in Sources */ = {isa = PBXBuildFile; fileRef = E82402431A3D61EA00FA4F09 /* RegistrationsListViewController.swift */; };
		E82402481A3D7DF000FA4F09 /* Model.swift in Sources */ = {isa = PBXBuildFile; fileRef = E82402461A3D7DF000FA4F09 /* Model.swift */; };
		E848A708238158A400CA62D8 /* WindowController.storyboard in Resources */ = {isa = PBXBuildFile; fileRef = E848A706238158A400CA62D8 /* WindowController.storyboard */; };
		E848A70A2381609000CA62D8 /* WindowService.swift in Sources */ = {isa = PBXBuildFile; fileRef = E848A7092381609000CA62D8 /* WindowService.swift */; };
		E848A70C2381614300CA62D8 /* NotificationToken.swift in Sources */ = {isa = PBXBuildFile; fileRef = E848A70B2381614300CA62D8 /* NotificationToken.swift */; };
		E8546FF11A421B63009EF6E3 /* ListTabViewController.swift in Sources */ = {isa = PBXBuildFile; fileRef = E8546FF01A421B63009EF6E3 /* ListTabViewController.swift */; };
		E8546FF31A422124009EF6E3 /* LiveSetsListViewController.swift in Sources */ = {isa = PBXBuildFile; fileRef = E8546FF21A422124009EF6E3 /* LiveSetsListViewController.swift */; };
		E8546FF51A423275009EF6E3 /* TonesListViewController.swift in Sources */ = {isa = PBXBuildFile; fileRef = E8546FF41A423275009EF6E3 /* TonesListViewController.swift */; };
		E8546FF71A460C13009EF6E3 /* Mapping.swift in Sources */ = {isa = PBXBuildFile; fileRef = E8546FF61A460C13009EF6E3 /* Mapping.swift */; };
		E8546FF91A461ABA009EF6E3 /* ListWindowController.swift in Sources */ = {isa = PBXBuildFile; fileRef = E8546FF81A461ABA009EF6E3 /* ListWindowController.swift */; };
		E89EC6631A34333F0076FE95 /* SVDFile.swift in Sources */ = {isa = PBXBuildFile; fileRef = E89EC6621A34333F0076FE95 /* SVDFile.swift */; };
		E89EC6691A34BAAD0076FE95 /* SVDRegistration.swift in Sources */ = {isa = PBXBuildFile; fileRef = E89EC6681A34BAAD0076FE95 /* SVDRegistration.swift */; };
		E8B2BF4C1A3790B600FC669D /* SVDLiveSet.swift in Sources */ = {isa = PBXBuildFile; fileRef = E8B2BF4B1A3790B600FC669D /* SVDLiveSet.swift */; };
		E8B2BF4E1A3794CA00FC669D /* SVDTone.swift in Sources */ = {isa = PBXBuildFile; fileRef = E8B2BF4D1A3794CA00FC669D /* SVDTone.swift */; };
		E8D493EA1C4B7A3500763598 /* Macros.swift in Sources */ = {isa = PBXBuildFile; fileRef = E8D493E91C4B7A3500763598 /* Macros.swift */; };
		E8E4AB6D1A1D131C00FCF1B5 /* AppDelegate.swift in Sources */ = {isa = PBXBuildFile; fileRef = E8E4AB6C1A1D131C00FCF1B5 /* AppDelegate.swift */; };
		E8E4AB711A1D131C00FCF1B5 /* Images.xcassets in Resources */ = {isa = PBXBuildFile; fileRef = E8E4AB701A1D131C00FCF1B5 /* Images.xcassets */; };
		E8E4AB741A1D131C00FCF1B5 /* Main.storyboard in Resources */ = {isa = PBXBuildFile; fileRef = E8E4AB721A1D131C00FCF1B5 /* Main.storyboard */; };
/* End PBXBuildFile section */

/* Begin PBXFileReference section */
		E820EFA71C8C1FAF000EC965 /* SuperListViewController.swift */ = {isa = PBXFileReference; fileEncoding = 4; lastKnownFileType = sourcecode.swift; name = SuperListViewController.swift; path = Controllers/SuperListViewController.swift; sourceTree = "<group>"; };
		E820EFA91C8C4290000EC965 /* SVDType.swift */ = {isa = PBXFileReference; fileEncoding = 4; lastKnownFileType = sourcecode.swift; name = SVDType.swift; path = Model/SVDType.swift; sourceTree = "<group>"; };
		E82402431A3D61EA00FA4F09 /* RegistrationsListViewController.swift */ = {isa = PBXFileReference; fileEncoding = 4; lastKnownFileType = sourcecode.swift; name = RegistrationsListViewController.swift; path = Controllers/RegistrationsListViewController.swift; sourceTree = "<group>"; };
		E82402461A3D7DF000FA4F09 /* Model.swift */ = {isa = PBXFileReference; fileEncoding = 4; lastKnownFileType = sourcecode.swift; name = Model.swift; path = Model/Model.swift; sourceTree = "<group>"; };
		E848A707238158A400CA62D8 /* Base */ = {isa = PBXFileReference; lastKnownFileType = file.storyboard; name = Base; path = Base.lproj/WindowController.storyboard; sourceTree = "<group>"; };
		E848A7092381609000CA62D8 /* WindowService.swift */ = {isa = PBXFileReference; lastKnownFileType = sourcecode.swift; name = WindowService.swift; path = Controllers/WindowService.swift; sourceTree = "<group>"; };
		E848A70B2381614300CA62D8 /* NotificationToken.swift */ = {isa = PBXFileReference; fileEncoding = 4; lastKnownFileType = sourcecode.swift; name = NotificationToken.swift; path = Utility/NotificationToken.swift; sourceTree = "<group>"; };
		E8546FF01A421B63009EF6E3 /* ListTabViewController.swift */ = {isa = PBXFileReference; fileEncoding = 4; lastKnownFileType = sourcecode.swift; name = ListTabViewController.swift; path = Controllers/ListTabViewController.swift; sourceTree = "<group>"; };
		E8546FF21A422124009EF6E3 /* LiveSetsListViewController.swift */ = {isa = PBXFileReference; fileEncoding = 4; lastKnownFileType = sourcecode.swift; name = LiveSetsListViewController.swift; path = Controllers/LiveSetsListViewController.swift; sourceTree = "<group>"; };
		E8546FF41A423275009EF6E3 /* TonesListViewController.swift */ = {isa = PBXFileReference; fileEncoding = 4; lastKnownFileType = sourcecode.swift; name = TonesListViewController.swift; path = Controllers/TonesListViewController.swift; sourceTree = "<group>"; };
		E8546FF61A460C13009EF6E3 /* Mapping.swift */ = {isa = PBXFileReference; fileEncoding = 4; lastKnownFileType = sourcecode.swift; name = Mapping.swift; path = Model/Mapping.swift; sourceTree = "<group>"; };
		E8546FF81A461ABA009EF6E3 /* ListWindowController.swift */ = {isa = PBXFileReference; fileEncoding = 4; lastKnownFileType = sourcecode.swift; name = ListWindowController.swift; path = Controllers/ListWindowController.swift; sourceTree = "<group>"; };
		E87A85B5234300E9002A8A44 /* Jupiter-80 Librarian.entitlements */ = {isa = PBXFileReference; lastKnownFileType = text.plist.entitlements; path = "Jupiter-80 Librarian.entitlements"; sourceTree = "<group>"; };
		E89EC6621A34333F0076FE95 /* SVDFile.swift */ = {isa = PBXFileReference; fileEncoding = 4; lastKnownFileType = sourcecode.swift; name = SVDFile.swift; path = Model/SVDFile.swift; sourceTree = "<group>"; };
		E89EC6681A34BAAD0076FE95 /* SVDRegistration.swift */ = {isa = PBXFileReference; fileEncoding = 4; lastKnownFileType = sourcecode.swift; name = SVDRegistration.swift; path = Model/SVDRegistration.swift; sourceTree = "<group>"; };
		E8B2BF4B1A3790B600FC669D /* SVDLiveSet.swift */ = {isa = PBXFileReference; fileEncoding = 4; lastKnownFileType = sourcecode.swift; name = SVDLiveSet.swift; path = Model/SVDLiveSet.swift; sourceTree = "<group>"; };
		E8B2BF4D1A3794CA00FC669D /* SVDTone.swift */ = {isa = PBXFileReference; fileEncoding = 4; lastKnownFileType = sourcecode.swift; name = SVDTone.swift; path = Model/SVDTone.swift; sourceTree = "<group>"; };
		E8D493E91C4B7A3500763598 /* Macros.swift */ = {isa = PBXFileReference; fileEncoding = 4; lastKnownFileType = sourcecode.swift; name = Macros.swift; path = Utility/Macros.swift; sourceTree = "<group>"; };
		E8E4AB671A1D131C00FCF1B5 /* Jupiter-80 Librarian.app */ = {isa = PBXFileReference; explicitFileType = wrapper.application; includeInIndex = 0; path = "Jupiter-80 Librarian.app"; sourceTree = BUILT_PRODUCTS_DIR; };
		E8E4AB6B1A1D131C00FCF1B5 /* Info.plist */ = {isa = PBXFileReference; lastKnownFileType = text.plist.xml; path = Info.plist; sourceTree = "<group>"; };
		E8E4AB6C1A1D131C00FCF1B5 /* AppDelegate.swift */ = {isa = PBXFileReference; lastKnownFileType = sourcecode.swift; path = AppDelegate.swift; sourceTree = "<group>"; };
		E8E4AB701A1D131C00FCF1B5 /* Images.xcassets */ = {isa = PBXFileReference; lastKnownFileType = folder.assetcatalog; path = Images.xcassets; sourceTree = "<group>"; };
		E8E4AB731A1D131C00FCF1B5 /* Base */ = {isa = PBXFileReference; lastKnownFileType = file.storyboard; name = Base; path = Base.lproj/Main.storyboard; sourceTree = "<group>"; };
/* End PBXFileReference section */

/* Begin PBXFrameworksBuildPhase section */
		E8E4AB641A1D131C00FCF1B5 /* Frameworks */ = {
			isa = PBXFrameworksBuildPhase;
			buildActionMask = 2147483647;
			files = (
			);
			runOnlyForDeploymentPostprocessing = 0;
		};
/* End PBXFrameworksBuildPhase section */

/* Begin PBXGroup section */
		E89EC65B1A342BB40076FE95 /* Controllers */ = {
			isa = PBXGroup;
			children = (
				E8546FF01A421B63009EF6E3 /* ListTabViewController.swift */,
				E8546FF81A461ABA009EF6E3 /* ListWindowController.swift */,
				E8546FF21A422124009EF6E3 /* LiveSetsListViewController.swift */,
				E82402431A3D61EA00FA4F09 /* RegistrationsListViewController.swift */,
				E820EFA71C8C1FAF000EC965 /* SuperListViewController.swift */,
				E8546FF41A423275009EF6E3 /* TonesListViewController.swift */,
				E848A7092381609000CA62D8 /* WindowService.swift */,
			);
			name = Controllers;
			sourceTree = "<group>";
		};
		E89EC6601A342C8B0076FE95 /* Views */ = {
			isa = PBXGroup;
			children = (
				E8E4AB721A1D131C00FCF1B5 /* Main.storyboard */,
				E848A706238158A400CA62D8 /* WindowController.storyboard */,
			);
			name = Views;
			sourceTree = "<group>";
		};
		E89EC6611A34320A0076FE95 /* Model */ = {
			isa = PBXGroup;
			children = (
				E8546FF61A460C13009EF6E3 /* Mapping.swift */,
				E82402461A3D7DF000FA4F09 /* Model.swift */,
				E89EC6621A34333F0076FE95 /* SVDFile.swift */,
				E8B2BF4B1A3790B600FC669D /* SVDLiveSet.swift */,
				E89EC6681A34BAAD0076FE95 /* SVDRegistration.swift */,
				E8B2BF4D1A3794CA00FC669D /* SVDTone.swift */,
				E820EFA91C8C4290000EC965 /* SVDType.swift */,
			);
			name = Model;
			sourceTree = "<group>";
		};
		E8D493EB1C4B7A4300763598 /* Utility */ = {
			isa = PBXGroup;
			children = (
				E8D493E91C4B7A3500763598 /* Macros.swift */,
				E848A70B2381614300CA62D8 /* NotificationToken.swift */,
			);
			name = Utility;
			sourceTree = "<group>";
		};
		E8E4AB5E1A1D131C00FCF1B5 = {
			isa = PBXGroup;
			children = (
				E8E4AB691A1D131C00FCF1B5 /* Jupiter80Librarian */,
				E8E4AB681A1D131C00FCF1B5 /* Products */,
			);
			sourceTree = "<group>";
		};
		E8E4AB681A1D131C00FCF1B5 /* Products */ = {
			isa = PBXGroup;
			children = (
				E8E4AB671A1D131C00FCF1B5 /* Jupiter-80 Librarian.app */,
			);
			name = Products;
			sourceTree = "<group>";
		};
		E8E4AB691A1D131C00FCF1B5 /* Jupiter80Librarian */ = {
			isa = PBXGroup;
			children = (
				E8E4AB6C1A1D131C00FCF1B5 /* AppDelegate.swift */,
				E89EC65B1A342BB40076FE95 /* Controllers */,
				E89EC6611A34320A0076FE95 /* Model */,
				E8E4AB6A1A1D131C00FCF1B5 /* Supporting Files */,
				E8D493EB1C4B7A4300763598 /* Utility */,
				E89EC6601A342C8B0076FE95 /* Views */,
			);
			path = Jupiter80Librarian;
			sourceTree = "<group>";
		};
		E8E4AB6A1A1D131C00FCF1B5 /* Supporting Files */ = {
			isa = PBXGroup;
			children = (
				E8E4AB701A1D131C00FCF1B5 /* Images.xcassets */,
				E8E4AB6B1A1D131C00FCF1B5 /* Info.plist */,
				E87A85B5234300E9002A8A44 /* Jupiter-80 Librarian.entitlements */,
			);
			name = "Supporting Files";
			sourceTree = "<group>";
		};
/* End PBXGroup section */

/* Begin PBXNativeTarget section */
		E8E4AB661A1D131C00FCF1B5 /* Jupiter-80 Librarian */ = {
			isa = PBXNativeTarget;
			buildConfigurationList = E8E4AB831A1D131C00FCF1B5 /* Build configuration list for PBXNativeTarget "Jupiter-80 Librarian" */;
			buildPhases = (
				E8E4AB631A1D131C00FCF1B5 /* Sources */,
				E8E4AB641A1D131C00FCF1B5 /* Frameworks */,
				E8E4AB651A1D131C00FCF1B5 /* Resources */,
			);
			buildRules = (
			);
			dependencies = (
			);
			name = "Jupiter-80 Librarian";
			productName = Jupiter80Librarian;
			productReference = E8E4AB671A1D131C00FCF1B5 /* Jupiter-80 Librarian.app */;
			productType = "com.apple.product-type.application";
		};
/* End PBXNativeTarget section */

/* Begin PBXProject section */
		E8E4AB5F1A1D131C00FCF1B5 /* Project object */ = {
			isa = PBXProject;
			attributes = {
				LastSwiftMigration = 0700;
				LastSwiftUpdateCheck = 0700;
				LastUpgradeCheck = 1100;
				ORGANIZATIONNAME = "Kim André Sand";
				TargetAttributes = {
					E8E4AB661A1D131C00FCF1B5 = {
						CreatedOnToolsVersion = 6.1;
						DevelopmentTeam = AWJM6V23RK;
						LastSwiftMigration = 1030;
					};
				};
			};
			buildConfigurationList = E8E4AB621A1D131C00FCF1B5 /* Build configuration list for PBXProject "Jupiter80Librarian" */;
			compatibilityVersion = "Xcode 3.2";
			developmentRegion = en;
			hasScannedForEncodings = 0;
			knownRegions = (
				en,
				Base,
			);
			mainGroup = E8E4AB5E1A1D131C00FCF1B5;
			productRefGroup = E8E4AB681A1D131C00FCF1B5 /* Products */;
			projectDirPath = "";
			projectRoot = "";
			targets = (
				E8E4AB661A1D131C00FCF1B5 /* Jupiter-80 Librarian */,
			);
		};
/* End PBXProject section */

/* Begin PBXResourcesBuildPhase section */
		E8E4AB651A1D131C00FCF1B5 /* Resources */ = {
			isa = PBXResourcesBuildPhase;
			buildActionMask = 2147483647;
			files = (
				E8E4AB711A1D131C00FCF1B5 /* Images.xcassets in Resources */,
				E8E4AB741A1D131C00FCF1B5 /* Main.storyboard in Resources */,
				E848A708238158A400CA62D8 /* WindowController.storyboard in Resources */,
			);
			runOnlyForDeploymentPostprocessing = 0;
		};
/* End PBXResourcesBuildPhase section */

/* Begin PBXSourcesBuildPhase section */
		E8E4AB631A1D131C00FCF1B5 /* Sources */ = {
			isa = PBXSourcesBuildPhase;
			buildActionMask = 2147483647;
			files = (
				E8546FF51A423275009EF6E3 /* TonesListViewController.swift in Sources */,
				E820EFAA1C8C4290000EC965 /* SVDType.swift in Sources */,
				E8546FF31A422124009EF6E3 /* LiveSetsListViewController.swift in Sources */,
				E8546FF11A421B63009EF6E3 /* ListTabViewController.swift in Sources */,
				E8B2BF4C1A3790B600FC669D /* SVDLiveSet.swift in Sources */,
				E820EFA81C8C1FAF000EC965 /* SuperListViewController.swift in Sources */,
				E8E4AB6D1A1D131C00FCF1B5 /* AppDelegate.swift in Sources */,
				E848A70A2381609000CA62D8 /* WindowService.swift in Sources */,
				E8546FF71A460C13009EF6E3 /* Mapping.swift in Sources */,
				E89EC6631A34333F0076FE95 /* SVDFile.swift in Sources */,
				E82402441A3D61EA00FA4F09 /* RegistrationsListViewController.swift in Sources */,
				E848A70C2381614300CA62D8 /* NotificationToken.swift in Sources */,
				E89EC6691A34BAAD0076FE95 /* SVDRegistration.swift in Sources */,
				E8546FF91A461ABA009EF6E3 /* ListWindowController.swift in Sources */,
				E8D493EA1C4B7A3500763598 /* Macros.swift in Sources */,
				E8B2BF4E1A3794CA00FC669D /* SVDTone.swift in Sources */,
				E82402481A3D7DF000FA4F09 /* Model.swift in Sources */,
			);
			runOnlyForDeploymentPostprocessing = 0;
		};
/* End PBXSourcesBuildPhase section */

/* Begin PBXVariantGroup section */
		E848A706238158A400CA62D8 /* WindowController.storyboard */ = {
			isa = PBXVariantGroup;
			children = (
				E848A707238158A400CA62D8 /* Base */,
			);
			name = WindowController.storyboard;
			sourceTree = "<group>";
		};
		E8E4AB721A1D131C00FCF1B5 /* Main.storyboard */ = {
			isa = PBXVariantGroup;
			children = (
				E8E4AB731A1D131C00FCF1B5 /* Base */,
			);
			name = Main.storyboard;
			sourceTree = "<group>";
		};
/* End PBXVariantGroup section */

/* Begin XCBuildConfiguration section */
		E8E4AB811A1D131C00FCF1B5 /* Debug */ = {
			isa = XCBuildConfiguration;
			buildSettings = {
				ALWAYS_SEARCH_USER_PATHS = NO;
				CLANG_ANALYZER_LOCALIZABILITY_NONLOCALIZED = YES;
				CLANG_CXX_LANGUAGE_STANDARD = "gnu++0x";
				CLANG_CXX_LIBRARY = "libc++";
				CLANG_ENABLE_MODULES = YES;
				CLANG_ENABLE_OBJC_ARC = YES;
				CLANG_WARN_BLOCK_CAPTURE_AUTORELEASING = YES;
				CLANG_WARN_BOOL_CONVERSION = YES;
				CLANG_WARN_COMMA = YES;
				CLANG_WARN_CONSTANT_CONVERSION = YES;
				CLANG_WARN_DEPRECATED_OBJC_IMPLEMENTATIONS = YES;
				CLANG_WARN_DIRECT_OBJC_ISA_USAGE = YES_ERROR;
				CLANG_WARN_EMPTY_BODY = YES;
				CLANG_WARN_ENUM_CONVERSION = YES;
				CLANG_WARN_INFINITE_RECURSION = YES;
				CLANG_WARN_INT_CONVERSION = YES;
				CLANG_WARN_NON_LITERAL_NULL_CONVERSION = YES;
				CLANG_WARN_OBJC_IMPLICIT_RETAIN_SELF = YES;
				CLANG_WARN_OBJC_LITERAL_CONVERSION = YES;
				CLANG_WARN_OBJC_ROOT_CLASS = YES_ERROR;
				CLANG_WARN_RANGE_LOOP_ANALYSIS = YES;
				CLANG_WARN_STRICT_PROTOTYPES = YES;
				CLANG_WARN_SUSPICIOUS_MOVE = YES;
				CLANG_WARN_UNREACHABLE_CODE = YES;
				CLANG_WARN__DUPLICATE_METHOD_MATCH = YES;
				CODE_SIGN_ENTITLEMENTS = "$(PROJECT)/Jupiter-80 Librarian.entitlements";
				CODE_SIGN_IDENTITY = "Mac Developer";
				COPY_PHASE_STRIP = NO;
				ENABLE_STRICT_OBJC_MSGSEND = YES;
				ENABLE_TESTABILITY = YES;
				GCC_C_LANGUAGE_STANDARD = gnu99;
				GCC_DYNAMIC_NO_PIC = NO;
				GCC_NO_COMMON_BLOCKS = YES;
				GCC_OPTIMIZATION_LEVEL = 0;
				GCC_PREPROCESSOR_DEFINITIONS = (
					"DEBUG=1",
					"$(inherited)",
				);
				GCC_SYMBOLS_PRIVATE_EXTERN = NO;
				GCC_WARN_64_TO_32_BIT_CONVERSION = YES;
				GCC_WARN_ABOUT_RETURN_TYPE = YES_ERROR;
				GCC_WARN_UNDECLARED_SELECTOR = YES;
				GCC_WARN_UNINITIALIZED_AUTOS = YES_AGGRESSIVE;
				GCC_WARN_UNUSED_FUNCTION = YES;
				GCC_WARN_UNUSED_VARIABLE = YES;
				MACOSX_DEPLOYMENT_TARGET = 10.10;
				MTL_ENABLE_DEBUG_INFO = YES;
				ONLY_ACTIVE_ARCH = YES;
				OTHER_SWIFT_FLAGS = "-D DEBUG";
				SDKROOT = macosx;
				SWIFT_OPTIMIZATION_LEVEL = "-Onone";
			};
			name = Debug;
		};
		E8E4AB821A1D131C00FCF1B5 /* Release */ = {
			isa = XCBuildConfiguration;
			buildSettings = {
				ALWAYS_SEARCH_USER_PATHS = NO;
				CLANG_ANALYZER_LOCALIZABILITY_NONLOCALIZED = YES;
				CLANG_CXX_LANGUAGE_STANDARD = "gnu++0x";
				CLANG_CXX_LIBRARY = "libc++";
				CLANG_ENABLE_MODULES = YES;
				CLANG_ENABLE_OBJC_ARC = YES;
				CLANG_WARN_BLOCK_CAPTURE_AUTORELEASING = YES;
				CLANG_WARN_BOOL_CONVERSION = YES;
				CLANG_WARN_COMMA = YES;
				CLANG_WARN_CONSTANT_CONVERSION = YES;
				CLANG_WARN_DEPRECATED_OBJC_IMPLEMENTATIONS = YES;
				CLANG_WARN_DIRECT_OBJC_ISA_USAGE = YES_ERROR;
				CLANG_WARN_EMPTY_BODY = YES;
				CLANG_WARN_ENUM_CONVERSION = YES;
				CLANG_WARN_INFINITE_RECURSION = YES;
				CLANG_WARN_INT_CONVERSION = YES;
				CLANG_WARN_NON_LITERAL_NULL_CONVERSION = YES;
				CLANG_WARN_OBJC_IMPLICIT_RETAIN_SELF = YES;
				CLANG_WARN_OBJC_LITERAL_CONVERSION = YES;
				CLANG_WARN_OBJC_ROOT_CLASS = YES_ERROR;
				CLANG_WARN_RANGE_LOOP_ANALYSIS = YES;
				CLANG_WARN_STRICT_PROTOTYPES = YES;
				CLANG_WARN_SUSPICIOUS_MOVE = YES;
				CLANG_WARN_UNREACHABLE_CODE = YES;
				CLANG_WARN__DUPLICATE_METHOD_MATCH = YES;
				CODE_SIGN_ENTITLEMENTS = "$(PROJECT)/Jupiter-80 Librarian.entitlements";
				CODE_SIGN_IDENTITY = "Mac Developer";
				COPY_PHASE_STRIP = YES;
				DEBUG_INFORMATION_FORMAT = "dwarf-with-dsym";
				ENABLE_NS_ASSERTIONS = NO;
				ENABLE_STRICT_OBJC_MSGSEND = YES;
				GCC_C_LANGUAGE_STANDARD = gnu99;
				GCC_NO_COMMON_BLOCKS = YES;
				GCC_WARN_64_TO_32_BIT_CONVERSION = YES;
				GCC_WARN_ABOUT_RETURN_TYPE = YES_ERROR;
				GCC_WARN_UNDECLARED_SELECTOR = YES;
				GCC_WARN_UNINITIALIZED_AUTOS = YES_AGGRESSIVE;
				GCC_WARN_UNUSED_FUNCTION = YES;
				GCC_WARN_UNUSED_VARIABLE = YES;
				MACOSX_DEPLOYMENT_TARGET = 10.10;
				MTL_ENABLE_DEBUG_INFO = NO;
				SDKROOT = macosx;
				SWIFT_OPTIMIZATION_LEVEL = "-Owholemodule";
			};
			name = Release;
		};
		E8E4AB841A1D131C00FCF1B5 /* Debug */ = {
			isa = XCBuildConfiguration;
			buildSettings = {
				ASSETCATALOG_COMPILER_APPICON_NAME = AppIcon;
				COMBINE_HIDPI_IMAGES = YES;
				CURRENT_PROJECT_VERSION = 2;
				DEVELOPMENT_TEAM = AWJM6V23RK;
				ENABLE_HARDENED_RUNTIME = YES;
				INFOPLIST_FILE = Jupiter80Librarian/Info.plist;
				LD_RUNPATH_SEARCH_PATHS = "$(inherited) @executable_path/../Frameworks";
				MARKETING_VERSION = 1.1;
				PRODUCT_BUNDLE_IDENTIFIER = Jupiter80Librarian;
				PRODUCT_NAME = "$(TARGET_NAME)";
				SWIFT_VERSION = 5.0;
			};
			name = Debug;
		};
		E8E4AB851A1D131C00FCF1B5 /* Release */ = {
			isa = XCBuildConfiguration;
			buildSettings = {
				ASSETCATALOG_COMPILER_APPICON_NAME = AppIcon;
				COMBINE_HIDPI_IMAGES = YES;
				CURRENT_PROJECT_VERSION = 2;
				DEVELOPMENT_TEAM = AWJM6V23RK;
				ENABLE_HARDENED_RUNTIME = YES;
				INFOPLIST_FILE = Jupiter80Librarian/Info.plist;
				LD_RUNPATH_SEARCH_PATHS = "$(inherited) @executable_path/../Frameworks";
				MARKETING_VERSION = 1.1;
				PRODUCT_BUNDLE_IDENTIFIER = Jupiter80Librarian;
				PRODUCT_NAME = "$(TARGET_NAME)";
				SWIFT_VERSION = 5.0;
			};
			name = Release;
		};
/* End XCBuildConfiguration section */

/* Begin XCConfigurationList section */
		E8E4AB621A1D131C00FCF1B5 /* Build configuration list for PBXProject "Jupiter80Librarian" */ = {
			isa = XCConfigurationList;
			buildConfigurations = (
				E8E4AB811A1D131C00FCF1B5 /* Debug */,
				E8E4AB821A1D131C00FCF1B5 /* Release */,
			);
			defaultConfigurationIsVisible = 0;
			defaultConfigurationName = Release;
		};
		E8E4AB831A1D131C00FCF1B5 /* Build configuration list for PBXNativeTarget "Jupiter-80 Librarian" */ = {
			isa = XCConfigurationList;
			buildConfigurations = (
				E8E4AB841A1D131C00FCF1B5 /* Debug */,
				E8E4AB851A1D131C00FCF1B5 /* Release */,
			);
			defaultConfigurationIsVisible = 0;
			defaultConfigurationName = Release;
		};
/* End XCConfigurationList section */
	};
	rootObject = E8E4AB5F1A1D131C00FCF1B5 /* Project object */;
}
